
Microsoft Visual Studio Solution File, Format Version 12.00
# Visual Studio Version 16
VisualStudioVersion = 16.0.29509.3
MinimumVisualStudioVersion = 10.0.40219.1
Project("{FAE04EC0-301F-11D3-BF4B-00C04F79EFBC}") = "OOP_LAB_1", "OOP_LAB_1.csproj", "{3B13E2B4-6B3A-4E7F-ACA2-A9E09DF68D0D}"
EndProject
Global
	GlobalSection(SolutionConfigurationPlatforms) = preSolution
		Debug|Any CPU = Debug|Any CPU
		Release|Any CPU = Release|Any CPU
	EndGlobalSection
	GlobalSection(ProjectConfigurationPlatforms) = postSolution
		{3B13E2B4-6B3A-4E7F-ACA2-A9E09DF68D0D}.Debug|Any CPU.ActiveCfg = Debug|Any CPU
		{3B13E2B4-6B3A-4E7F-ACA2-A9E09DF68D0D}.Debug|Any CPU.Build.0 = Debug|Any CPU
		{3B13E2B4-6B3A-4E7F-ACA2-A9E09DF68D0D}.Release|Any CPU.ActiveCfg = Release|Any CPU
		{3B13E2B4-6B3A-4E7F-ACA2-A9E09DF68D0D}.Release|Any CPU.Build.0 = Release|Any CPU
	EndGlobalSection
	GlobalSection(SolutionProperties) = preSolution
		HideSolutionNode = FALSE
	EndGlobalSection
	GlobalSection(ExtensibilityGlobals) = postSolution
		SolutionGuid = {906D2DF7-4B21-42B3-A96D-CF360B68F8B2}
	EndGlobalSection
EndGlobal
